Microsoft Visual Studio Solution File, Format Version 11.00
# Visual Studio 2008

Project("{32733DAC-5DAB-1342-6CAB-75666D62CA65}") = "slitherARControlTest", "Assembly-CSharp.csproj", "{15D52D08-9FD6-2914-AF83-18E8F5C1BD4C}"
EndProject
Project("{32733DAC-5DAB-1342-6CAB-75666D62CA65}") = "slitherARControlTest", "Assembly-CSharp-Editor.csproj", "{AFE63644-F3FC-255B-7CD7-57A5BB8CDB34}"
EndProject
Global
	GlobalSection(SolutionConfigurationPlatforms) = preSolution
		Debug|Any CPU = Debug|Any CPU
		Release|Any CPU = Release|Any CPU
	EndGlobalSection
	GlobalSection(ProjectConfigurationPlatforms) = postSolution
		{15D52D08-9FD6-2914-AF83-18E8F5C1BD4C}.Debug|Any CPU.ActiveCfg = Debug|Any CPU
		{15D52D08-9FD6-2914-AF83-18E8F5C1BD4C}.Debug|Any CPU.Build.0 = Debug|Any CPU
		{15D52D08-9FD6-2914-AF83-18E8F5C1BD4C}.Release|Any CPU.ActiveCfg = Release|Any CPU
		{15D52D08-9FD6-2914-AF83-18E8F5C1BD4C}.Release|Any CPU.Build.0 = Release|Any CPU
		{AFE63644-F3FC-255B-7CD7-57A5BB8CDB34}.Debug|Any CPU.ActiveCfg = Debug|Any CPU
		{AFE63644-F3FC-255B-7CD7-57A5BB8CDB34}.Debug|Any CPU.Build.0 = Debug|Any CPU
		{AFE63644-F3FC-255B-7CD7-57A5BB8CDB34}.Release|Any CPU.ActiveCfg = Release|Any CPU
		{AFE63644-F3FC-255B-7CD7-57A5BB8CDB34}.Release|Any CPU.Build.0 = Release|Any CPU
	EndGlobalSection
	GlobalSection(SolutionProperties) = preSolution
		HideSolutionNode = FALSE
	EndGlobalSection
	GlobalSection(MonoDevelopProperties) = preSolution
		StartupItem = Assembly-CSharp.csproj
	EndGlobalSection
EndGlobal
